// !$*UTF8*$!
{
	archiveVersion = 1;
	classes = {
	};
	objectVersion = 46;
	objects = {

/* Begin PBXBuildFile section */
		5629AC99807519CC71BCBD50 /* Pods.framework in Frameworks */ = {isa = PBXBuildFile; fileRef = FD8419424F52BECC7D6AE5EF /* Pods.framework */; settings = {ATTRIBUTES = (Required, ); }; };
		AAE493711BFF9CCF002FF9AC /* main.m in Sources */ = {isa = PBXBuildFile; fileRef = AAE493701BFF9CCF002FF9AC /* main.m */; };
		AAE493741BFF9CCF002FF9AC /* AppDelegate.m in Sources */ = {isa = PBXBuildFile; fileRef = AAE493731BFF9CCF002FF9AC /* AppDelegate.m */; };
		AAE493771BFF9CCF002FF9AC /* FirstViewController.m in Sources */ = {isa = PBXBuildFile; fileRef = AAE493761BFF9CCF002FF9AC /* FirstViewController.m */; };
		AAE4937A1BFF9CCF002FF9AC /* SecondViewController.m in Sources */ = {isa = PBXBuildFile; fileRef = AAE493791BFF9CCF002FF9AC /* SecondViewController.m */; };
		AAE4937D1BFF9CCF002FF9AC /* Main.storyboard in Resources */ = {isa = PBXBuildFile; fileRef = AAE4937B1BFF9CCF002FF9AC /* Main.storyboard */; };
		AAE4937F1BFF9CCF002FF9AC /* Assets.xcassets in Resources */ = {isa = PBXBuildFile; fileRef = AAE4937E1BFF9CCF002FF9AC /* Assets.xcassets */; };
		AAE493821BFF9CCF002FF9AC /* LaunchScreen.storyboard in Resources */ = {isa = PBXBuildFile; fileRef = AAE493801BFF9CCF002FF9AC /* LaunchScreen.storyboard */; };
		CD84E0981C0033D9006B1AA7 /* FourthViewController.m in Sources */ = {isa = PBXBuildFile; fileRef = CD84E0971C0033D9006B1AA7 /* FourthViewController.m */; };
		CD84E0A21C02ACF2006B1AA7 /* MapViewDataAbstraction.m in Sources */ = {isa = PBXBuildFile; fileRef = CD84E0A11C02ACF2006B1AA7 /* MapViewDataAbstraction.m */; };
		CDEF46D91C00047200060F37 /* MapKit.framework in Frameworks */ = {isa = PBXBuildFile; fileRef = CDEF46D81C00047200060F37 /* MapKit.framework */; };
		CDEF47021C00128800060F37 /* ThirdViewController.m in Sources */ = {isa = PBXBuildFile; fileRef = CDEF47011C00128800060F37 /* ThirdViewController.m */; };
		CDEF47041C00144500060F37 /* Settings.bundle in Resources */ = {isa = PBXBuildFile; fileRef = CDEF47031C00144500060F37 /* Settings.bundle */; };
/* End PBXBuildFile section */

/* Begin PBXFileReference section */
		0D28F02D998C6F050634C7FC /* Pods.release.xcconfig */ = {isa = PBXFileReference; includeInIndex = 1; lastKnownFileType = text.xcconfig; name = Pods.release.xcconfig; path = "Pods/Target Support Files/Pods/Pods.release.xcconfig"; sourceTree = "<group>"; };
		AAE4936C1BFF9CCF002FF9AC /* Maps.app */ = {isa = PBXFileReference; explicitFileType = wrapper.application; includeInIndex = 0; path = Maps.app; sourceTree = BUILT_PRODUCTS_DIR; };
		AAE493701BFF9CCF002FF9AC /* main.m */ = {isa = PBXFileReference; lastKnownFileType = sourcecode.c.objc; path = main.m; sourceTree = "<group>"; };
		AAE493721BFF9CCF002FF9AC /* AppDelegate.h */ = {isa = PBXFileReference; lastKnownFileType = sourcecode.c.h; path = AppDelegate.h; sourceTree = "<group>"; };
		AAE493731BFF9CCF002FF9AC /* AppDelegate.m */ = {isa = PBXFileReference; lastKnownFileType = sourcecode.c.objc; path = AppDelegate.m; sourceTree = "<group>"; };
		AAE493751BFF9CCF002FF9AC /* FirstViewController.h */ = {isa = PBXFileReference; lastKnownFileType = sourcecode.c.h; path = FirstViewController.h; sourceTree = "<group>"; };
		AAE493761BFF9CCF002FF9AC /* FirstViewController.m */ = {isa = PBXFileReference; lastKnownFileType = sourcecode.c.objc; path = FirstViewController.m; sourceTree = "<group>"; };
		AAE493781BFF9CCF002FF9AC /* SecondViewController.h */ = {isa = PBXFileReference; lastKnownFileType = sourcecode.c.h; path = SecondViewController.h; sourceTree = "<group>"; };
		AAE493791BFF9CCF002FF9AC /* SecondViewController.m */ = {isa = PBXFileReference; lastKnownFileType = sourcecode.c.objc; path = SecondViewController.m; sourceTree = "<group>"; };
		AAE4937C1BFF9CCF002FF9AC /* Base */ = {isa = PBXFileReference; lastKnownFileType = file.storyboard; name = Base; path = Base.lproj/Main.storyboard; sourceTree = "<group>"; };
		AAE4937E1BFF9CCF002FF9AC /* Assets.xcassets */ = {isa = PBXFileReference; lastKnownFileType = folder.assetcatalog; path = Assets.xcassets; sourceTree = "<group>"; };
		AAE493811BFF9CCF002FF9AC /* Base */ = {isa = PBXFileReference; lastKnownFileType = file.storyboard; name = Base; path = Base.lproj/LaunchScreen.storyboard; sourceTree = "<group>"; };
		AAE493831BFF9CCF002FF9AC /* Info.plist */ = {isa = PBXFileReference; lastKnownFileType = text.plist.xml; path = Info.plist; sourceTree = "<group>"; };
		CD84E0961C0033D9006B1AA7 /* FourthViewController.h */ = {isa = PBXFileReference; fileEncoding = 4; lastKnownFileType = sourcecode.c.h; path = FourthViewController.h; sourceTree = "<group>"; };
		CD84E0971C0033D9006B1AA7 /* FourthViewController.m */ = {isa = PBXFileReference; fileEncoding = 4; lastKnownFileType = sourcecode.c.objc; path = FourthViewController.m; sourceTree = "<group>"; };
		CD84E0A01C02ACF2006B1AA7 /* MapViewDataAbstraction.h */ = {isa = PBXFileReference; fileEncoding = 4; lastKnownFileType = sourcecode.c.h; path = MapViewDataAbstraction.h; sourceTree = "<group>"; };
		CD84E0A11C02ACF2006B1AA7 /* MapViewDataAbstraction.m */ = {isa = PBXFileReference; fileEncoding = 4; lastKnownFileType = sourcecode.c.objc; path = MapViewDataAbstraction.m; sourceTree = "<group>"; };
		CDEF46D81C00047200060F37 /* MapKit.framework */ = {isa = PBXFileReference; lastKnownFileType = wrapper.framework; name = MapKit.framework; path = System/Library/Frameworks/MapKit.framework; sourceTree = SDKROOT; };
		CDEF47001C00128800060F37 /* ThirdViewController.h */ = {isa = PBXFileReference; fileEncoding = 4; lastKnownFileType = sourcecode.c.h; path = ThirdViewController.h; sourceTree = "<group>"; };
		CDEF47011C00128800060F37 /* ThirdViewController.m */ = {isa = PBXFileReference; fileEncoding = 4; lastKnownFileType = sourcecode.c.objc; path = ThirdViewController.m; sourceTree = "<group>"; };
		CDEF47031C00144500060F37 /* Settings.bundle */ = {isa = PBXFileReference; lastKnownFileType = "wrapper.plug-in"; path = Settings.bundle; sourceTree = "<group>"; };
		DAE0406F1BA6C26884A79E6B /* Pods.debug.xcconfig */ = {isa = PBXFileReference; includeInIndex = 1; lastKnownFileType = text.xcconfig; name = Pods.debug.xcconfig; path = "Pods/Target Support Files/Pods/Pods.debug.xcconfig"; sourceTree = "<group>"; };
		FD8419424F52BECC7D6AE5EF /* Pods.framework */ = {isa = PBXFileReference; explicitFileType = wrapper.framework; includeInIndex = 0; path = Pods.framework; sourceTree = BUILT_PRODUCTS_DIR; };
/* End PBXFileReference section */

/* Begin PBXFrameworksBuildPhase section */
		AAE493691BFF9CCF002FF9AC /* Frameworks */ = {
			isa = PBXFrameworksBuildPhase;
			buildActionMask = 2147483647;
			files = (
				CDEF46D91C00047200060F37 /* MapKit.framework in Frameworks */,
				5629AC99807519CC71BCBD50 /* Pods.framework in Frameworks */,
			);
			runOnlyForDeploymentPostprocessing = 0;
		};
/* End PBXFrameworksBuildPhase section */

/* Begin PBXGroup section */
		4BF3B7CB9DB236F5241195E2 /* Frameworks */ = {
			isa = PBXGroup;
			children = (
				CDEF46D81C00047200060F37 /* MapKit.framework */,
				FD8419424F52BECC7D6AE5EF /* Pods.framework */,
			);
			name = Frameworks;
			sourceTree = "<group>";
		};
		89A8B3AE7B5C2FEB1E374D88 /* Pods */ = {
			isa = PBXGroup;
			children = (
				DAE0406F1BA6C26884A79E6B /* Pods.debug.xcconfig */,
				0D28F02D998C6F050634C7FC /* Pods.release.xcconfig */,
			);
			name = Pods;
			sourceTree = "<group>";
		};
		AAE493631BFF9CCF002FF9AC = {
			isa = PBXGroup;
			children = (
				AAE4936E1BFF9CCF002FF9AC /* Maps */,
				AAE4936D1BFF9CCF002FF9AC /* Products */,
				89A8B3AE7B5C2FEB1E374D88 /* Pods */,
				4BF3B7CB9DB236F5241195E2 /* Frameworks */,
			);
			sourceTree = "<group>";
		};
		AAE4936D1BFF9CCF002FF9AC /* Products */ = {
			isa = PBXGroup;
			children = (
				AAE4936C1BFF9CCF002FF9AC /* Maps.app */,
			);
			name = Products;
			sourceTree = "<group>";
		};
		AAE4936E1BFF9CCF002FF9AC /* Maps */ = {
			isa = PBXGroup;
			children = (
				CD84E0A01C02ACF2006B1AA7 /* MapViewDataAbstraction.h */,
				CD84E0A11C02ACF2006B1AA7 /* MapViewDataAbstraction.m */,
				AAE493721BFF9CCF002FF9AC /* AppDelegate.h */,
				AAE493731BFF9CCF002FF9AC /* AppDelegate.m */,
				AAE493751BFF9CCF002FF9AC /* FirstViewController.h */,
				AAE493761BFF9CCF002FF9AC /* FirstViewController.m */,
				AAE493781BFF9CCF002FF9AC /* SecondViewController.h */,
				AAE493791BFF9CCF002FF9AC /* SecondViewController.m */,
				CDEF47001C00128800060F37 /* ThirdViewController.h */,
				CDEF47011C00128800060F37 /* ThirdViewController.m */,
				CD84E0961C0033D9006B1AA7 /* FourthViewController.h */,
				CD84E0971C0033D9006B1AA7 /* FourthViewController.m */,
				AAE4937B1BFF9CCF002FF9AC /* Main.storyboard */,
				AAE4937E1BFF9CCF002FF9AC /* Assets.xcassets */,
				AAE493801BFF9CCF002FF9AC /* LaunchScreen.storyboard */,
				AAE493831BFF9CCF002FF9AC /* Info.plist */,
				AAE4936F1BFF9CCF002FF9AC /* Supporting Files */,
			);
			path = Maps;
			sourceTree = "<group>";
		};
		AAE4936F1BFF9CCF002FF9AC /* Supporting Files */ = {
			isa = PBXGroup;
			children = (
				CDEF47031C00144500060F37 /* Settings.bundle */,
				AAE493701BFF9CCF002FF9AC /* main.m */,
			);
			name = "Supporting Files";
			sourceTree = "<group>";
		};
/* End PBXGroup section */

/* Begin PBXNativeTarget section */
		AAE4936B1BFF9CCF002FF9AC /* Maps */ = {
			isa = PBXNativeTarget;
			buildConfigurationList = AAE493861BFF9CCF002FF9AC /* Build configuration list for PBXNativeTarget "Maps" */;
			buildPhases = (
				3E13BC8CD7B1C8F609D6AD86 /* Check Pods Manifest.lock */,
				AAE493681BFF9CCF002FF9AC /* Sources */,
				AAE493691BFF9CCF002FF9AC /* Frameworks */,
				AAE4936A1BFF9CCF002FF9AC /* Resources */,
				03B9E4AE0364E33EFA027B5D /* Embed Pods Frameworks */,
				CE8B7FD173841764238B62B5 /* Copy Pods Resources */,
			);
			buildRules = (
			);
			dependencies = (
			);
			name = Maps;
			productName = Maps;
			productReference = AAE4936C1BFF9CCF002FF9AC /* Maps.app */;
			productType = "com.apple.product-type.application";
		};
/* End PBXNativeTarget section */

/* Begin PBXProject section */
		AAE493641BFF9CCF002FF9AC /* Project object */ = {
			isa = PBXProject;
			attributes = {
				LastUpgradeCheck = 0710;
				ORGANIZATIONNAME = turntotech.io;
				TargetAttributes = {
					AAE4936B1BFF9CCF002FF9AC = {
						CreatedOnToolsVersion = 7.1.1;
						DevelopmentTeam = 6G647EM6XN;
						SystemCapabilities = {
							com.apple.BackgroundModes = {
								enabled = 1;
							};
						};
					};
				};
			};
			buildConfigurationList = AAE493671BFF9CCF002FF9AC /* Build configuration list for PBXProject "Maps" */;
			compatibilityVersion = "Xcode 3.2";
			developmentRegion = English;
			hasScannedForEncodings = 0;
			knownRegions = (
				en,
				Base,
			);
			mainGroup = AAE493631BFF9CCF002FF9AC;
			productRefGroup = AAE4936D1BFF9CCF002FF9AC /* Products */;
			projectDirPath = "";
			projectRoot = "";
			targets = (
				AAE4936B1BFF9CCF002FF9AC /* Maps */,
			);
		};
/* End PBXProject section */

/* Begin PBXResourcesBuildPhase section */
		AAE4936A1BFF9CCF002FF9AC /* Resources */ = {
			isa = PBXResourcesBuildPhase;
			buildActionMask = 2147483647;
			files = (
				CDEF47041C00144500060F37 /* Settings.bundle in Resources */,
				AAE493821BFF9CCF002FF9AC /* LaunchScreen.storyboard in Resources */,
				AAE4937F1BFF9CCF002FF9AC /* Assets.xcassets in Resources */,
				AAE4937D1BFF9CCF002FF9AC /* Main.storyboard in Resources */,
			);
			runOnlyForDeploymentPostprocessing = 0;
		};
/* End PBXResourcesBuildPhase section */

/* Begin PBXShellScriptBuildPhase section */
		03B9E4AE0364E33EFA027B5D /* Embed Pods Frameworks */ = {
			isa = PBXShellScriptBuildPhase;
			buildActionMask = 2147483647;
			files = (
			);
			inputPaths = (
			);
			name = "Embed Pods Frameworks";
			outputPaths = (
				"",
			);
			runOnlyForDeploymentPostprocessing = 0;
			shellPath = /bin/sh;
			shellScript = "\"${SRCROOT}/Pods/Target Support Files/Pods/Pods-frameworks.sh\"\n";
			showEnvVarsInLog = 0;
		};
		3E13BC8CD7B1C8F609D6AD86 /* Check Pods Manifest.lock */ = {
			isa = PBXShellScriptBuildPhase;
			buildActionMask = 2147483647;
			files = (
			);
			inputPaths = (
			);
			name = "Check Pods Manifest.lock";
			outputPaths = (
			);
			runOnlyForDeploymentPostprocessing = 0;
			shellPath = /bin/sh;
			shellScript = "diff \"${PODS_ROOT}/../Podfile.lock\" \"${PODS_ROOT}/Manifest.lock\" > /dev/null\nif [[ $? != 0 ]] ; then\n    cat << EOM\nerror: The sandbox is not in sync with the Podfile.lock. Run 'pod install' or update your CocoaPods installation.\nEOM\n    exit 1\nfi\n";
			showEnvVarsInLog = 0;
		};
		CE8B7FD173841764238B62B5 /* Copy Pods Resources */ = {
			isa = PBXShellScriptBuildPhase;
			buildActionMask = 2147483647;
			files = (
			);
			inputPaths = (
			);
			name = "Copy Pods Resources";
			outputPaths = (
			);
			runOnlyForDeploymentPostprocessing = 0;
			shellPath = /bin/sh;
			shellScript = "\"${SRCROOT}/Pods/Target Support Files/Pods/Pods-resources.sh\"\n";
			showEnvVarsInLog = 0;
		};
/* End PBXShellScriptBuildPhase section */

/* Begin PBXSourcesBuildPhase section */
		AAE493681BFF9CCF002FF9AC /* Sources */ = {
			isa = PBXSourcesBuildPhase;
			buildActionMask = 2147483647;
			files = (
				CD84E0A21C02ACF2006B1AA7 /* MapViewDataAbstraction.m in Sources */,
				CD84E0981C0033D9006B1AA7 /* FourthViewController.m in Sources */,
				AAE4937A1BFF9CCF002FF9AC /* SecondViewController.m in Sources */,
				CDEF47021C00128800060F37 /* ThirdViewController.m in Sources */,
				AAE493741BFF9CCF002FF9AC /* AppDelegate.m in Sources */,
				AAE493771BFF9CCF002FF9AC /* FirstViewController.m in Sources */,
				AAE493711BFF9CCF002FF9AC /* main.m in Sources */,
			);
			runOnlyForDeploymentPostprocessing = 0;
		};
/* End PBXSourcesBuildPhase section */

/* Begin PBXVariantGroup section */
		AAE4937B1BFF9CCF002FF9AC /* Main.storyboard */ = {
			isa = PBXVariantGroup;
			children = (
				AAE4937C1BFF9CCF002FF9AC /* Base */,
			);
			name = Main.storyboard;
			sourceTree = "<group>";
		};
		AAE493801BFF9CCF002FF9AC /* LaunchScreen.storyboard */ = {
			isa = PBXVariantGroup;
			children = (
				AAE493811BFF9CCF002FF9AC /* Base */,
			);
			name = LaunchScreen.storyboard;
			sourceTree = "<group>";
		};
/* End PBXVariantGroup section */

/* Begin XCBuildConfiguration section */
		AAE493841BFF9CCF002FF9AC /* Debug */ = {
			isa = XCBuildConfiguration;
			buildSettings = {
				ALWAYS_SEARCH_USER_PATHS = NO;
				CLANG_CXX_LANGUAGE_STANDARD = "gnu++0x";
				CLANG_CXX_LIBRARY = "libc++";
				CLANG_ENABLE_MODULES = YES;
				CLANG_ENABLE_OBJC_ARC = YES;
				CLANG_WARN_BOOL_CONVERSION = YES;
				CLANG_WARN_CONSTANT_CONVERSION = YES;
				CLANG_WARN_DIRECT_OBJC_ISA_USAGE = YES_ERROR;
				CLANG_WARN_EMPTY_BODY = YES;
				CLANG_WARN_ENUM_CONVERSION = YES;
				CLANG_WARN_INT_CONVERSION = YES;
				CLANG_WARN_OBJC_ROOT_CLASS = YES_ERROR;
				CLANG_WARN_UNREACHABLE_CODE = YES;
				CLANG_WARN__DUPLICATE_METHOD_MATCH = YES;
				"CODE_SIGN_IDENTITY[sdk=iphoneos*]" = "iPhone Developer";
				COPY_PHASE_STRIP = NO;
				DEBUG_INFORMATION_FORMAT = dwarf;
				ENABLE_STRICT_OBJC_MSGSEND = YES;
				ENABLE_TESTABILITY = YES;
				GCC_C_LANGUAGE_STANDARD = gnu99;
				GCC_DYNAMIC_NO_PIC = NO;
				GCC_NO_COMMON_BLOCKS = YES;
				GCC_OPTIMIZATION_LEVEL = 0;
				GCC_PREPROCESSOR_DEFINITIONS = (
					"DEBUG=1",
					"$(inherited)",
				);
				GCC_WARN_64_TO_32_BIT_CONVERSION = YES;
				GCC_WARN_ABOUT_RETURN_TYPE = YES_ERROR;
				GCC_WARN_UNDECLARED_SELECTOR = YES;
				GCC_WARN_UNINITIALIZED_AUTOS = YES_AGGRESSIVE;
				GCC_WARN_UNUSED_FUNCTION = YES;
				GCC_WARN_UNUSED_VARIABLE = YES;
				IPHONEOS_DEPLOYMENT_TARGET = 9.1;
				MTL_ENABLE_DEBUG_INFO = YES;
				ONLY_ACTIVE_ARCH = YES;
				SDKROOT = iphoneos;
				TARGETED_DEVICE_FAMILY = "1,2";
			};
			name = Debug;
		};
		AAE493851BFF9CCF002FF9AC /* Release */ = {
			isa = XCBuildConfiguration;
			buildSettings = {
				ALWAYS_SEARCH_USER_PATHS = NO;
				CLANG_CXX_LANGUAGE_STANDARD = "gnu++0x";
				CLANG_CXX_LIBRARY = "libc++";
				CLANG_ENABLE_MODULES = YES;
				CLANG_ENABLE_OBJC_ARC = YES;
				CLANG_WARN_BOOL_CONVERSION = YES;
				CLANG_WARN_CONSTANT_CONVERSION = YES;
				CLANG_WARN_DIRECT_OBJC_ISA_USAGE = YES_ERROR;
				CLANG_WARN_EMPTY_BODY = YES;
				CLANG_WARN_ENUM_CONVERSION = YES;
				CLANG_WARN_INT_CONVERSION = YES;
				CLANG_WARN_OBJC_ROOT_CLASS = YES_ERROR;
				CLANG_WARN_UNREACHABLE_CODE = YES;
				CLANG_WARN__DUPLICATE_METHOD_MATCH = YES;
				"CODE_SIGN_IDENTITY[sdk=iphoneos*]" = "iPhone Developer";
				COPY_PHASE_STRIP = NO;
				DEBUG_INFORMATION_FORMAT = "dwarf-with-dsym";
				ENABLE_NS_ASSERTIONS = NO;
				ENABLE_STRICT_OBJC_MSGSEND = YES;
				GCC_C_LANGUAGE_STANDARD = gnu99;
				GCC_NO_COMMON_BLOCKS = YES;
				GCC_WARN_64_TO_32_BIT_CONVERSION = YES;
				GCC_WARN_ABOUT_RETURN_TYPE = YES_ERROR;
				GCC_WARN_UNDECLARED_SELECTOR = YES;
				GCC_WARN_UNINITIALIZED_AUTOS = YES_AGGRESSIVE;
				GCC_WARN_UNUSED_FUNCTION = YES;
				GCC_WARN_UNUSED_VARIABLE = YES;
				IPHONEOS_DEPLOYMENT_TARGET = 9.1;
				MTL_ENABLE_DEBUG_INFO = NO;
				SDKROOT = iphoneos;
				TARGETED_DEVICE_FAMILY = "1,2";
				VALIDATE_PRODUCT = YES;
			};
			name = Release;
		};
		AAE493871BFF9CCF002FF9AC /* Debug */ = {
			isa = XCBuildConfiguration;
			baseConfigurationReference = DAE0406F1BA6C26884A79E6B /* Pods.debug.xcconfig */;
			buildSettings = {
				ASSETCATALOG_COMPILER_APPICON_NAME = AppIcon;
				ENABLE_BITCODE = NO;
				INFOPLIST_FILE = Maps/Info.plist;
				IPHONEOS_DEPLOYMENT_TARGET = 8.4;
				LD_GENERATE_MAP_FILE = NO;
				LD_RUNPATH_SEARCH_PATHS = "$(inherited) @executable_path/Frameworks";
				PRODUCT_BUNDLE_IDENTIFIER = turntotech.io.Maps;
				PRODUCT_NAME = "$(TARGET_NAME)";
			};
			name = Debug;
		};
		AAE493881BFF9CCF002FF9AC /* Release */ = {
			isa = XCBuildConfiguration;
			baseConfigurationReference = 0D28F02D998C6F050634C7FC /* Pods.release.xcconfig */;
			buildSettings = {
				ASSETCATALOG_COMPILER_APPICON_NAME = AppIcon;
				ENABLE_BITCODE = NO;
				INFOPLIST_FILE = Maps/Info.plist;
				IPHONEOS_DEPLOYMENT_TARGET = 8.4;
				LD_RUNPATH_SEARCH_PATHS = "$(inherited) @executable_path/Frameworks";
				PRODUCT_BUNDLE_IDENTIFIER = turntotech.io.Maps;
				PRODUCT_NAME = "$(TARGET_NAME)";
			};
			name = Release;
		};
/* End XCBuildConfiguration section */

/* Begin XCConfigurationList section */
		AAE493671BFF9CCF002FF9AC /* Build configuration list for PBXProject "Maps" */ = {
			isa = XCConfigurationList;
			buildConfigurations = (
				AAE493841BFF9CCF002FF9AC /* Debug */,
				AAE493851BFF9CCF002FF9AC /* Release */,
			);
			defaultConfigurationIsVisible = 0;
			defaultConfigurationName = Release;
		};
		AAE493861BFF9CCF002FF9AC /* Build configuration list for PBXNativeTarget "Maps" */ = {
			isa = XCConfigurationList;
			buildConfigurations = (
				AAE493871BFF9CCF002FF9AC /* Debug */,
				AAE493881BFF9CCF002FF9AC /* Release */,
			);
			defaultConfigurationIsVisible = 0;
			defaultConfigurationName = Release;
		};
/* End XCConfigurationList section */
	};
	rootObject = AAE493641BFF9CCF002FF9AC /* Project object */;
}
